
<Solution>
  <Project Path="AdminService/AdminService.csproj" />
  <Project Path="AuthService/AuthService.csproj" />
  <Project Path="NotificationService/NotificationService.csproj" />
  <Project Path="PaymentService/PaymentService.csproj" />
  <Project Path="Reward Service/Reward Service.csproj" />
  <Project Path="WalletService/WalletService.csproj" />
</Solution>