<Solution>
  <Project Path="../AdminService/AdminService.csproj" Id="754b07a4-3f15-4c0d-b408-cdab7b6abf76" />
  <Project Path="../PaymentService/PaymentService.csproj" Id="3a944a16-5f96-49f3-b6e2-5fb31142ca2e" />
  <Project Path="../Reward Service/Reward Service.csproj" Id="e261c802-3731-445f-b1b5-bae8086c4c25" />
  <Project Path="../WalletService/WalletService.csproj" Id="9fc5e1c2-da57-4776-b299-638eb8ad93e4" />
  <Project Path="AuthService.csproj" />
</Solution>
